dependencies:
- name: ganache
  repository: https://raw.githubusercontent.com/ethersphere/helm-charts-artifacts/master/
  version: 0.0.1
- name: influxdb
  repository: https://influxdata.github.io/helm-charts
  version: 4.8.2
- name: kapacitor
  repository: https://kubernetes-charts.storage.googleapis.com/
  version: 1.1.1
- name: kapacitor-importer
  repository: https://raw.githubusercontent.com/ethersphere/helm-charts-artifacts/master/
  version: 0.0.1
- name: grafana
  repository: https://kubernetes-charts.storage.googleapis.com/
  version: 5.5.5
- name: jaeger
  repository: https://raw.githubusercontent.com/ethersphere/helm-charts-artifacts/master/
  version: 0.0.8
digest: sha256:6661e205ad8ab33819919075cc0de484b99c3edc049a2e5ee070b8649e7d7f86
generated: "2020-08-24T17:15:45.396919732+02:00"
