dependencies:
- name: ganache
  repository: https://raw.githubusercontent.com/ethersphere/helm-charts-artifacts/master/
  version: 0.0.1
- name: influxdb
  repository: https://helm.influxdata.com/
  version: 4.8.2
- name: kapacitor
  repository: https://kubernetes-charts.storage.googleapis.com/
  version: 1.1.1
- name: kapacitor-importer
  repository: https://raw.githubusercontent.com/ethersphere/helm-charts-artifacts/master/
  version: 0.0.1
- name: grafana
  repository: https://kubernetes-charts.storage.googleapis.com/
  version: 5.5.5
- name: jaeger
  repository: https://raw.githubusercontent.com/ethersphere/helm-charts-artifacts/master/
  version: 0.0.8
digest: sha256:fc84441e8740c7759c4e38561623f9a9a724d8e7a1d96ba53d2e3b5d062f7b17
generated: "2020-08-24T17:21:33.212541404+02:00"
